{
    "_meta": {
        "hash": {
            "sha256": "82223adc42d33c299043147cf6e98820f2ad9882fa7e18b20e5b0448cf02ff50"
        },
        "pipfile-spec": 6,
        "requires": {
            "python_version": "3.8"
        },
        "sources": [
            {
                "name": "pypi",
                "url": "https://pypi.org/simple",
                "verify_ssl": true
            }
        ]
    },
    "default": {
        "setuptools": {
            "hashes": [
                "sha256:b8b8060bb426838fbe942479c90296ce976249451118ef566a5a0b7d8b78fb05",
                "sha256:bd63e505105011b25c3c11f753f7e3b8465ea739efddaccef8f0efac2137bac1"
            ],
            "index": "pypi",
            "markers": "python_version >= '3.8'",
            "version": "==70.2.0"
        }
    },
    "develop": {}
}
